<?xml version="1.0" encoding="utf-8"?>
<Project ToolsVersion="4.0" xmlns="http://schemas.microsoft.com/developer/msbuild/2003">
  <ItemGroup>
    <Filter Include="소스 파일">
      <UniqueIdentifier>{4FC737F1-C7A5-4376-A066-2A32D752A2FF}</UniqueIdentifier>
      <Extensions>cpp;c;cc;cxx;c++;def;odl;idl;hpj;bat;asm;asmx</Extensions>
    </Filter>
    <Filter Include="헤더 파일">
      <UniqueIdentifier>{93995380-89BD-4b04-88EB-625FBE52EBFB}</UniqueIdentifier>
      <Extensions>h;hh;hpp;hxx;h++;hm;inl;inc;ipp;xsd</Extensions>
    </Filter>
    <Filter Include="리소스 파일">
      <UniqueIdentifier>{67DA6AB6-F800-4c08-8B7A-83BB121AAD01}</UniqueIdentifier>
      <Extensions>rc;ico;cur;bmp;dlg;rc2;rct;bin;rgs;gif;jpg;jpeg;jpe;resx;tiff;tif;png;wav;mfcribbon-ms</Extensions>
    </Filter>
  </ItemGroup>
  <ItemGroup>
    <ClCompile Include="day1.c">
      <Filter>소스 파일</Filter>
    </ClCompile>
    <ClCompile Include="day1.cpp">
      <Filter>소스 파일</Filter>
    </ClCompile>
    <ClCompile Include="day2_selection_sort.cpp">
      <Filter>소스 파일</Filter>
    </ClCompile>
    <ClCompile Include="day2_problem.cpp">
      <Filter>소스 파일</Filter>
    </ClCompile>
    <ClCompile Include="day3_bubble_sort.cpp">
      <Filter>소스 파일</Filter>
    </ClCompile>
    <ClCompile Include="day3_problem.cpp">
      <Filter>소스 파일</Filter>
    </ClCompile>
    <ClCompile Include="day4_insert_sort.c">
      <Filter>소스 파일</Filter>
    </ClCompile>
    <ClCompile Include="day4_problem.c">
      <Filter>소스 파일</Filter>
    </ClCompile>
    <ClCompile Include="day7_2752.c">
      <Filter>소스 파일</Filter>
    </ClCompile>
    <ClCompile Include="day7_2751.c">
      <Filter>소스 파일</Filter>
    </ClCompile>
    <ClCompile Include="day7_2750.c">
      <Filter>소스 파일</Filter>
    </ClCompile>
    <ClCompile Include="day5,6_quicksort.c">
      <Filter>소스 파일</Filter>
    </ClCompile>
    <ClCompile Include="day8_mergeSort.c">
      <Filter>소스 파일</Filter>
    </ClCompile>
    <ClCompile Include="day8_11650.c">
      <Filter>소스 파일</Filter>
    </ClCompile>
    <ClCompile Include="day8_10814.c">
      <Filter>소스 파일</Filter>
    </ClCompile>
    <ClCompile Include="day9_11651.c">
      <Filter>소스 파일</Filter>
    </ClCompile>
    <ClCompile Include="day10.cpp">
      <Filter>소스 파일</Filter>
    </ClCompile>
    <ClCompile Include="day11.cpp">
      <Filter>소스 파일</Filter>
    </ClCompile>
    <ClCompile Include="day11_11004.cpp">
      <Filter>소스 파일</Filter>
    </ClCompile>
    <ClCompile Include="day11_10825.cpp">
      <Filter>소스 파일</Filter>
    </ClCompile>
    <ClCompile Include="day12_3047.cpp">
      <Filter>소스 파일</Filter>
    </ClCompile>
    <ClCompile Include="day13_11652.cpp">
      <Filter>소스 파일</Filter>
    </ClCompile>
    <ClCompile Include="day14.cpp">
      <Filter>소스 파일</Filter>
    </ClCompile>
    <ClCompile Include="day14_10828.cpp">
      <Filter>소스 파일</Filter>
    </ClCompile>
    <ClCompile Include="day15.cpp">
      <Filter>소스 파일</Filter>
    </ClCompile>
    <ClCompile Include="day15_10845.cpp">
      <Filter>소스 파일</Filter>
    </ClCompile>
    <ClCompile Include="day16_1431.cpp">
      <Filter>소스 파일</Filter>
    </ClCompile>
    <ClCompile Include="day16_10989.cpp">
      <Filter>소스 파일</Filter>
    </ClCompile>
    <ClCompile Include="day17_9012.cpp">
      <Filter>소스 파일</Filter>
    </ClCompile>
    <ClCompile Include="day17.cpp">
      <Filter>소스 파일</Filter>
    </ClCompile>
    <ClCompile Include="day18_14502.cpp">
      <Filter>소스 파일</Filter>
    </ClCompile>
    <ClCompile Include="day19_binarytree.cpp">
      <Filter>소스 파일</Filter>
    </ClCompile>
    <ClCompile Include="day20_dp.cpp">
      <Filter>소스 파일</Filter>
    </ClCompile>
    <ClCompile Include="day19_9205.cpp">
      <Filter>소스 파일</Filter>
    </ClCompile>
    <ClCompile Include="day20_4811.cpp">
      <Filter>소스 파일</Filter>
    </ClCompile>
    <ClCompile Include="day21_3986.cpp">
      <Filter>소스 파일</Filter>
    </ClCompile>
    <ClCompile Include="day22_11726.cpp">
      <Filter>소스 파일</Filter>
    </ClCompile>
    <ClCompile Include="day22_2133.cpp">
      <Filter>소스 파일</Filter>
    </ClCompile>
    <ClCompile Include="day22_14852.cpp">
      <Filter>소스 파일</Filter>
    </ClCompile>
    <ClCompile Include="day22_1932.cpp">
      <Filter>소스 파일</Filter>
    </ClCompile>
    <ClCompile Include="day22_1904.cpp">
      <Filter>소스 파일</Filter>
    </ClCompile>
    <ClCompile Include="day23_9461.cpp">
      <Filter>소스 파일</Filter>
    </ClCompile>
    <ClCompile Include="day23.cpp">
      <Filter>소스 파일</Filter>
    </ClCompile>
    <ClCompile Include="day24_9020.cpp">
      <Filter>소스 파일</Filter>
    </ClCompile>
    <ClCompile Include="day24.cpp">
      <Filter>소스 파일</Filter>
    </ClCompile>
    <ClCompile Include="day25_1753.cpp">
      <Filter>소스 파일</Filter>
    </ClCompile>
    <ClCompile Include="day25.cpp">
      <Filter>소스 파일</Filter>
    </ClCompile>
    <ClCompile Include="day26_10159.cpp">
      <Filter>소스 파일</Filter>
    </ClCompile>
    <ClCompile Include="day26.cpp">
      <Filter>소스 파일</Filter>
    </ClCompile>
    <ClCompile Include="day27_1149.cpp">
      <Filter>소스 파일</Filter>
    </ClCompile>
    <ClCompile Include="day27.cpp">
      <Filter>소스 파일</Filter>
    </ClCompile>
    <ClCompile Include="day28_9095.cpp">
      <Filter>소스 파일</Filter>
    </ClCompile>
    <ClCompile Include="day29_2252.cpp">
      <Filter>소스 파일</Filter>
    </ClCompile>
    <ClCompile Include="day29_1516.cpp">
      <Filter>소스 파일</Filter>
    </ClCompile>
    <ClCompile Include="day30_4386.cpp">
      <Filter>소스 파일</Filter>
    </ClCompile>
    <ClCompile Include="day30_networkFlow.cpp">
      <Filter>소스 파일</Filter>
    </ClCompile>
    <ClCompile Include="day31_bipartiteMatching.cpp">
      <Filter>소스 파일</Filter>
    </ClCompile>
    <ClCompile Include="day32_KMP.cpp">
      <Filter>소스 파일</Filter>
    </ClCompile>
    <ClCompile Include="day31_1647.cpp">
      <Filter>소스 파일</Filter>
    </ClCompile>
    <ClCompile Include="day32_2156.cpp">
      <Filter>소스 파일</Filter>
    </ClCompile>
    <ClCompile Include="day33_2193.cpp">
      <Filter>소스 파일</Filter>
    </ClCompile>
    <ClCompile Include="day33_kmp.cpp">
      <Filter>소스 파일</Filter>
    </ClCompile>
    <ClCompile Include="day34_1305.cpp">
      <Filter>소스 파일</Filter>
    </ClCompile>
    <ClCompile Include="day35_1774.cpp">
      <Filter>소스 파일</Filter>
    </ClCompile>
    <ClCompile Include="day36.cpp">
      <Filter>소스 파일</Filter>
    </ClCompile>
    <ClCompile Include="day36_11399.cpp">
      <Filter>소스 파일</Filter>
    </ClCompile>
    <ClCompile Include="day37_1937.cpp">
      <Filter>소스 파일</Filter>
    </ClCompile>
    <ClCompile Include="day37_2150.cpp">
      <Filter>소스 파일</Filter>
    </ClCompile>
    <ClCompile Include="day37_4196.cpp">
      <Filter>소스 파일</Filter>
    </ClCompile>
    <ClCompile Include="day37_3977.cpp">
      <Filter>소스 파일</Filter>
    </ClCompile>
    <ClCompile Include="day38_5585.cpp">
      <Filter>소스 파일</Filter>
    </ClCompile>
    <ClCompile Include="day38_11047.cpp">
      <Filter>소스 파일</Filter>
    </ClCompile>
    <ClCompile Include="day38_2217.cpp">
      <Filter>소스 파일</Filter>
    </ClCompile>
    <ClCompile Include="day38_1138.cpp">
      <Filter>소스 파일</Filter>
    </ClCompile>
    <ClCompile Include="day38_1541.cpp">
      <Filter>소스 파일</Filter>
    </ClCompile>
    <ClCompile Include="day39_11052.cpp">
      <Filter>소스 파일</Filter>
    </ClCompile>
    <ClCompile Include="day39_10610.cpp">
      <Filter>소스 파일</Filter>
    </ClCompile>
    <ClCompile Include="day39_1946.cpp">
      <Filter>소스 파일</Filter>
    </ClCompile>
    <ClCompile Include="day40_2437.cpp">
      <Filter>소스 파일</Filter>
    </ClCompile>
    <ClCompile Include="day40_1969.cpp">
      <Filter>소스 파일</Filter>
    </ClCompile>
    <ClCompile Include="day41_2812.cpp">
      <Filter>소스 파일</Filter>
    </ClCompile>
    <ClCompile Include="day42_3830.cpp">
      <Filter>소스 파일</Filter>
    </ClCompile>
    <ClCompile Include="day43_4963.cpp">
      <Filter>소스 파일</Filter>
    </ClCompile>
    <ClCompile Include="day44_14501.cpp">
      <Filter>소스 파일</Filter>
    </ClCompile>
    <ClCompile Include="day45_2163.cpp">
      <Filter>소스 파일</Filter>
    </ClCompile>
    <ClCompile Include="day46_5567.cpp">
      <Filter>소스 파일</Filter>
    </ClCompile>
    <ClCompile Include="day47_9465.cpp">
      <Filter>소스 파일</Filter>
    </ClCompile>
    <ClCompile Include="day48_1507.cpp">
      <Filter>소스 파일</Filter>
    </ClCompile>
    <ClCompile Include="day49_kakao_1.cpp">
      <Filter>소스 파일</Filter>
    </ClCompile>
    <ClCompile Include="day50_1010.cpp">
      <Filter>소스 파일</Filter>
    </ClCompile>
    <ClCompile Include="day51_kakao2.cpp">
      <Filter>소스 파일</Filter>
    </ClCompile>
    <ClCompile Include="day52_heapsort.cpp">
      <Filter>소스 파일</Filter>
    </ClCompile>
    <ClCompile Include="day53_5557.cpp">
      <Filter>소스 파일</Filter>
    </ClCompile>
    <ClCompile Include="day54_6603.cpp">
      <Filter>소스 파일</Filter>
    </ClCompile>
    <ClCompile Include="day55_kakao3.cpp">
      <Filter>소스 파일</Filter>
    </ClCompile>
  </ItemGroup>
</Project>